// !$*UTF8*$!
{
	archiveVersion = 1;
	classes = {
	};
	objectVersion = 56;
	objects = {

/* Begin PBXBuildFile section */
		3A5033842A2E7A870010D28B /* TelasApp.swift in Sources */ = {isa = PBXBuildFile; fileRef = 3A5033832A2E7A870010D28B /* TelasApp.swift */; };
		3A5033862A2E7A870010D28B /* ContentView.swift in Sources */ = {isa = PBXBuildFile; fileRef = 3A5033852A2E7A870010D28B /* ContentView.swift */; };
		3A5033882A2E7A890010D28B /* Assets.xcassets in Resources */ = {isa = PBXBuildFile; fileRef = 3A5033872A2E7A890010D28B /* Assets.xcassets */; };
		3A50338B2A2E7A890010D28B /* Preview Assets.xcassets in Resources */ = {isa = PBXBuildFile; fileRef = 3A50338A2A2E7A890010D28B /* Preview Assets.xcassets */; };
		3A5033922A2E7B0B0010D28B /* Tela.swift in Sources */ = {isa = PBXBuildFile; fileRef = 3A5033912A2E7B0B0010D28B /* Tela.swift */; };
		3A5033942A2E7B5A0010D28B /* TelaViewModel.swift in Sources */ = {isa = PBXBuildFile; fileRef = 3A5033932A2E7B5A0010D28B /* TelaViewModel.swift */; };
		3A5033962A2E7C940010D28B /* PrincipalView.swift in Sources */ = {isa = PBXBuildFile; fileRef = 3A5033952A2E7C940010D28B /* PrincipalView.swift */; };
		3A5033982A2E7CCF0010D28B /* FormularioView.swift in Sources */ = {isa = PBXBuildFile; fileRef = 3A5033972A2E7CCF0010D28B /* FormularioView.swift */; };
		3A50339A2A2E7CDE0010D28B /* SobreView.swift in Sources */ = {isa = PBXBuildFile; fileRef = 3A5033992A2E7CDE0010D28B /* SobreView.swift */; };
/* End PBXBuildFile section */

/* Begin PBXFileReference section */
		3A5033802A2E7A870010D28B /* Telas.app */ = {isa = PBXFileReference; explicitFileType = wrapper.application; includeInIndex = 0; path = Telas.app; sourceTree = BUILT_PRODUCTS_DIR; };
		3A5033832A2E7A870010D28B /* TelasApp.swift */ = {isa = PBXFileReference; lastKnownFileType = sourcecode.swift; path = TelasApp.swift; sourceTree = "<group>"; };
		3A5033852A2E7A870010D28B /* ContentView.swift */ = {isa = PBXFileReference; lastKnownFileType = sourcecode.swift; path = ContentView.swift; sourceTree = "<group>"; };
		3A5033872A2E7A890010D28B /* Assets.xcassets */ = {isa = PBXFileReference; lastKnownFileType = folder.assetcatalog; path = Assets.xcassets; sourceTree = "<group>"; };
		3A50338A2A2E7A890010D28B /* Preview Assets.xcassets */ = {isa = PBXFileReference; lastKnownFileType = folder.assetcatalog; path = "Preview Assets.xcassets"; sourceTree = "<group>"; };
		3A5033912A2E7B0B0010D28B /* Tela.swift */ = {isa = PBXFileReference; lastKnownFileType = sourcecode.swift; path = Tela.swift; sourceTree = "<group>"; };
		3A5033932A2E7B5A0010D28B /* TelaViewModel.swift */ = {isa = PBXFileReference; lastKnownFileType = sourcecode.swift; path = TelaViewModel.swift; sourceTree = "<group>"; };
		3A5033952A2E7C940010D28B /* PrincipalView.swift */ = {isa = PBXFileReference; lastKnownFileType = sourcecode.swift; path = PrincipalView.swift; sourceTree = "<group>"; };
		3A5033972A2E7CCF0010D28B /* FormularioView.swift */ = {isa = PBXFileReference; lastKnownFileType = sourcecode.swift; path = FormularioView.swift; sourceTree = "<group>"; };
		3A5033992A2E7CDE0010D28B /* SobreView.swift */ = {isa = PBXFileReference; lastKnownFileType = sourcecode.swift; path = SobreView.swift; sourceTree = "<group>"; };
/* End PBXFileReference section */

/* Begin PBXFrameworksBuildPhase section */
		3A50337D2A2E7A870010D28B /* Frameworks */ = {
			isa = PBXFrameworksBuildPhase;
			buildActionMask = 2147483647;
			files = (
			);
			runOnlyForDeploymentPostprocessing = 0;
		};
/* End PBXFrameworksBuildPhase section */

/* Begin PBXGroup section */
		3A5033772A2E7A870010D28B = {
			isa = PBXGroup;
			children = (
				3A5033822A2E7A870010D28B /* Telas */,
				3A5033812A2E7A870010D28B /* Products */,
			);
			sourceTree = "<group>";
		};
		3A5033812A2E7A870010D28B /* Products */ = {
			isa = PBXGroup;
			children = (
				3A5033802A2E7A870010D28B /* Telas.app */,
			);
			name = Products;
			sourceTree = "<group>";
		};
		3A5033822A2E7A870010D28B /* Telas */ = {
			isa = PBXGroup;
			children = (
				3A5033832A2E7A870010D28B /* TelasApp.swift */,
				3A5033852A2E7A870010D28B /* ContentView.swift */,
				3A5033872A2E7A890010D28B /* Assets.xcassets */,
				3A5033892A2E7A890010D28B /* Preview Content */,
				3A5033912A2E7B0B0010D28B /* Tela.swift */,
				3A5033932A2E7B5A0010D28B /* TelaViewModel.swift */,
				3A5033952A2E7C940010D28B /* PrincipalView.swift */,
				3A5033972A2E7CCF0010D28B /* FormularioView.swift */,
				3A5033992A2E7CDE0010D28B /* SobreView.swift */,
			);
			path = Telas;
			sourceTree = "<group>";
		};
		3A5033892A2E7A890010D28B /* Preview Content */ = {
			isa = PBXGroup;
			children = (
				3A50338A2A2E7A890010D28B /* Preview Assets.xcassets */,
			);
			path = "Preview Content";
			sourceTree = "<group>";
		};
/* End PBXGroup section */

/* Begin PBXNativeTarget section */
		3A50337F2A2E7A870010D28B /* Telas */ = {
			isa = PBXNativeTarget;
			buildConfigurationList = 3A50338E2A2E7A890010D28B /* Build configuration list for PBXNativeTarget "Telas" */;
			buildPhases = (
				3A50337C2A2E7A870010D28B /* Sources */,
				3A50337D2A2E7A870010D28B /* Frameworks */,
				3A50337E2A2E7A870010D28B /* Resources */,
			);
			buildRules = (
			);
			dependencies = (
			);
			name = Telas;
			productName = Telas;
			productReference = 3A5033802A2E7A870010D28B /* Telas.app */;
			productType = "com.apple.product-type.application";
		};
/* End PBXNativeTarget section */

/* Begin PBXProject section */
		3A5033782A2E7A870010D28B /* Project object */ = {
			isa = PBXProject;
			attributes = {
				BuildIndependentTargetsInParallel = 1;
				LastSwiftUpdateCheck = 1430;
				LastUpgradeCheck = 1430;
				TargetAttributes = {
					3A50337F2A2E7A870010D28B = {
						CreatedOnToolsVersion = 14.3;
					};
				};
			};
			buildConfigurationList = 3A50337B2A2E7A870010D28B /* Build configuration list for PBXProject "Telas" */;
			compatibilityVersion = "Xcode 14.0";
			developmentRegion = en;
			hasScannedForEncodings = 0;
			knownRegions = (
				en,
				Base,
			);
			mainGroup = 3A5033772A2E7A870010D28B;
			productRefGroup = 3A5033812A2E7A870010D28B /* Products */;
			projectDirPath = "";
			projectRoot = "";
			targets = (
				3A50337F2A2E7A870010D28B /* Telas */,
			);
		};
/* End PBXProject section */

/* Begin PBXResourcesBuildPhase section */
		3A50337E2A2E7A870010D28B /* Resources */ = {
			isa = PBXResourcesBuildPhase;
			buildActionMask = 2147483647;
			files = (
				3A50338B2A2E7A890010D28B /* Preview Assets.xcassets in Resources */,
				3A5033882A2E7A890010D28B /* Assets.xcassets in Resources */,
			);
			runOnlyForDeploymentPostprocessing = 0;
		};
/* End PBXResourcesBuildPhase section */

/* Begin PBXSourcesBuildPhase section */
		3A50337C2A2E7A870010D28B /* Sources */ = {
			isa = PBXSourcesBuildPhase;
			buildActionMask = 2147483647;
			files = (
				3A5033962A2E7C940010D28B /* PrincipalView.swift in Sources */,
				3A50339A2A2E7CDE0010D28B /* SobreView.swift in Sources */,
				3A5033942A2E7B5A0010D28B /* TelaViewModel.swift in Sources */,
				3A5033982A2E7CCF0010D28B /* FormularioView.swift in Sources */,
				3A5033862A2E7A870010D28B /* ContentView.swift in Sources */,
				3A5033842A2E7A870010D28B /* TelasApp.swift in Sources */,
				3A5033922A2E7B0B0010D28B /* Tela.swift in Sources */,
			);
			runOnlyForDeploymentPostprocessing = 0;
		};
/* End PBXSourcesBuildPhase section */

/* Begin XCBuildConfiguration section */
		3A50338C2A2E7A890010D28B /* Debug */ = {
			isa = XCBuildConfiguration;
			buildSettings = {
				ALWAYS_SEARCH_USER_PATHS = NO;
				CLANG_ANALYZER_NONNULL = YES;
				CLANG_ANALYZER_NUMBER_OBJECT_CONVERSION = YES_AGGRESSIVE;
				CLANG_CXX_LANGUAGE_STANDARD = "gnu++20";
				CLANG_ENABLE_MODULES = YES;
				CLANG_ENABLE_OBJC_ARC = YES;
				CLANG_ENABLE_OBJC_WEAK = YES;
				CLANG_WARN_BLOCK_CAPTURE_AUTORELEASING = YES;
				CLANG_WARN_BOOL_CONVERSION = YES;
				CLANG_WARN_COMMA = YES;
				CLANG_WARN_CONSTANT_CONVERSION = YES;
				CLANG_WARN_DEPRECATED_OBJC_IMPLEMENTATIONS = YES;
				CLANG_WARN_DIRECT_OBJC_ISA_USAGE = YES_ERROR;
				CLANG_WARN_DOCUMENTATION_COMMENTS = YES;
				CLANG_WARN_EMPTY_BODY = YES;
				CLANG_WARN_ENUM_CONVERSION = YES;
				CLANG_WARN_INFINITE_RECURSION = YES;
				CLANG_WARN_INT_CONVERSION = YES;
				CLANG_WARN_NON_LITERAL_NULL_CONVERSION = YES;
				CLANG_WARN_OBJC_IMPLICIT_RETAIN_SELF = YES;
				CLANG_WARN_OBJC_LITERAL_CONVERSION = YES;
				CLANG_WARN_OBJC_ROOT_CLASS = YES_ERROR;
				CLANG_WARN_QUOTED_INCLUDE_IN_FRAMEWORK_HEADER = YES;
				CLANG_WARN_RANGE_LOOP_ANALYSIS = YES;
				CLANG_WARN_STRICT_PROTOTYPES = YES;
				CLANG_WARN_SUSPICIOUS_MOVE = YES;
				CLANG_WARN_UNGUARDED_AVAILABILITY = YES_AGGRESSIVE;
				CLANG_WARN_UNREACHABLE_CODE = YES;
				CLANG_WARN__DUPLICATE_METHOD_MATCH = YES;
				COPY_PHASE_STRIP = NO;
				DEBUG_INFORMATION_FORMAT = dwarf;
				ENABLE_STRICT_OBJC_MSGSEND = YES;
				ENABLE_TESTABILITY = YES;
				GCC_C_LANGUAGE_STANDARD = gnu11;
				GCC_DYNAMIC_NO_PIC = NO;
				GCC_NO_COMMON_BLOCKS = YES;
				GCC_OPTIMIZATION_LEVEL = 0;
				GCC_PREPROCESSOR_DEFINITIONS = (
					"DEBUG=1",
					"$(inherited)",
				);
				GCC_WARN_64_TO_32_BIT_CONVERSION = YES;
				GCC_WARN_ABOUT_RETURN_TYPE = YES_ERROR;
				GCC_WARN_UNDECLARED_SELECTOR = YES;
				GCC_WARN_UNINITIALIZED_AUTOS = YES_AGGRESSIVE;
				GCC_WARN_UNUSED_FUNCTION = YES;
				GCC_WARN_UNUSED_VARIABLE = YES;
				IPHONEOS_DEPLOYMENT_TARGET = 16.4;
				MTL_ENABLE_DEBUG_INFO = INCLUDE_SOURCE;
				MTL_FAST_MATH = YES;
				ONLY_ACTIVE_ARCH = YES;
				SDKROOT = iphoneos;
				SWIFT_ACTIVE_COMPILATION_CONDITIONS = DEBUG;
				SWIFT_OPTIMIZATION_LEVEL = "-Onone";
			};
			name = Debug;
		};
		3A50338D2A2E7A890010D28B /* Release */ = {
			isa = XCBuildConfiguration;
			buildSettings = {
				ALWAYS_SEARCH_USER_PATHS = NO;
				CLANG_ANALYZER_NONNULL = YES;
				CLANG_ANALYZER_NUMBER_OBJECT_CONVERSION = YES_AGGRESSIVE;
				CLANG_CXX_LANGUAGE_STANDARD = "gnu++20";
				CLANG_ENABLE_MODULES = YES;
				CLANG_ENABLE_OBJC_ARC = YES;
				CLANG_ENABLE_OBJC_WEAK = YES;
				CLANG_WARN_BLOCK_CAPTURE_AUTORELEASING = YES;
				CLANG_WARN_BOOL_CONVERSION = YES;
				CLANG_WARN_COMMA = YES;
				CLANG_WARN_CONSTANT_CONVERSION = YES;
				CLANG_WARN_DEPRECATED_OBJC_IMPLEMENTATIONS = YES;
				CLANG_WARN_DIRECT_OBJC_ISA_USAGE = YES_ERROR;
				CLANG_WARN_DOCUMENTATION_COMMENTS = YES;
				CLANG_WARN_EMPTY_BODY = YES;
				CLANG_WARN_ENUM_CONVERSION = YES;
				CLANG_WARN_INFINITE_RECURSION = YES;
				CLANG_WARN_INT_CONVERSION = YES;
				CLANG_WARN_NON_LITERAL_NULL_CONVERSION = YES;
				CLANG_WARN_OBJC_IMPLICIT_RETAIN_SELF = YES;
				CLANG_WARN_OBJC_LITERAL_CONVERSION = YES;
				CLANG_WARN_OBJC_ROOT_CLASS = YES_ERROR;
				CLANG_WARN_QUOTED_INCLUDE_IN_FRAMEWORK_HEADER = YES;
				CLANG_WARN_RANGE_LOOP_ANALYSIS = YES;
				CLANG_WARN_STRICT_PROTOTYPES = YES;
				CLANG_WARN_SUSPICIOUS_MOVE = YES;
				CLANG_WARN_UNGUARDED_AVAILABILITY = YES_AGGRESSIVE;
				CLANG_WARN_UNREACHABLE_CODE = YES;
				CLANG_WARN__DUPLICATE_METHOD_MATCH = YES;
				COPY_PHASE_STRIP = NO;
				DEBUG_INFORMATION_FORMAT = "dwarf-with-dsym";
				ENABLE_NS_ASSERTIONS = NO;
				ENABLE_STRICT_OBJC_MSGSEND = YES;
				GCC_C_LANGUAGE_STANDARD = gnu11;
				GCC_NO_COMMON_BLOCKS = YES;
				GCC_WARN_64_TO_32_BIT_CONVERSION = YES;
				GCC_WARN_ABOUT_RETURN_TYPE = YES_ERROR;
				GCC_WARN_UNDECLARED_SELECTOR = YES;
				GCC_WARN_UNINITIALIZED_AUTOS = YES_AGGRESSIVE;
				GCC_WARN_UNUSED_FUNCTION = YES;
				GCC_WARN_UNUSED_VARIABLE = YES;
				IPHONEOS_DEPLOYMENT_TARGET = 16.4;
				MTL_ENABLE_DEBUG_INFO = NO;
				MTL_FAST_MATH = YES;
				SDKROOT = iphoneos;
				SWIFT_COMPILATION_MODE = wholemodule;
				SWIFT_OPTIMIZATION_LEVEL = "-O";
				VALIDATE_PRODUCT = YES;
			};
			name = Release;
		};
		3A50338F2A2E7A890010D28B /* Debug */ = {
			isa = XCBuildConfiguration;
			buildSettings = {
				ASSETCATALOG_COMPILER_APPICON_NAME = AppIcon;
				ASSETCATALOG_COMPILER_GLOBAL_ACCENT_COLOR_NAME = AccentColor;
				CODE_SIGN_STYLE = Automatic;
				CURRENT_PROJECT_VERSION = 1;
				DEVELOPMENT_ASSET_PATHS = "\"Telas/Preview Content\"";
				ENABLE_PREVIEWS = YES;
				GENERATE_INFOPLIST_FILE = YES;
				INFOPLIST_KEY_UIApplicationSceneManifest_Generation = YES;
				INFOPLIST_KEY_UIApplicationSupportsIndirectInputEvents = YES;
				INFOPLIST_KEY_UILaunchScreen_Generation = YES;
				INFOPLIST_KEY_UISupportedInterfaceOrientations_iPad = "UIInterfaceOrientationPortrait UIInterfaceOrientationPortraitUpsideDown UIInterfaceOrientationLandscapeLeft UIInterfaceOrientationLandscapeRight";
				INFOPLIST_KEY_UISupportedInterfaceOrientations_iPhone = "UIInterfaceOrientationPortrait UIInterfaceOrientationLandscapeLeft UIInterfaceOrientationLandscapeRight";
				LD_RUNPATH_SEARCH_PATHS = (
					"$(inherited)",
					"@executable_path/Frameworks",
				);
				MARKETING_VERSION = 1.0;
				PRODUCT_BUNDLE_IDENTIFIER = br.edu.ifpb.jpa.si.pdm.Telas;
				PRODUCT_NAME = "$(TARGET_NAME)";
				SWIFT_EMIT_LOC_STRINGS = YES;
				SWIFT_VERSION = 5.0;
				TARGETED_DEVICE_FAMILY = "1,2";
			};
			name = Debug;
		};
		3A5033902A2E7A890010D28B /* Release */ = {
			isa = XCBuildConfiguration;
			buildSettings = {
				ASSETCATALOG_COMPILER_APPICON_NAME = AppIcon;
				ASSETCATALOG_COMPILER_GLOBAL_ACCENT_COLOR_NAME = AccentColor;
				CODE_SIGN_STYLE = Automatic;
				CURRENT_PROJECT_VERSION = 1;
				DEVELOPMENT_ASSET_PATHS = "\"Telas/Preview Content\"";
				ENABLE_PREVIEWS = YES;
				GENERATE_INFOPLIST_FILE = YES;
				INFOPLIST_KEY_UIApplicationSceneManifest_Generation = YES;
				INFOPLIST_KEY_UIApplicationSupportsIndirectInputEvents = YES;
				INFOPLIST_KEY_UILaunchScreen_Generation = YES;
				INFOPLIST_KEY_UISupportedInterfaceOrientations_iPad = "UIInterfaceOrientationPortrait UIInterfaceOrientationPortraitUpsideDown UIInterfaceOrientationLandscapeLeft UIInterfaceOrientationLandscapeRight";
				INFOPLIST_KEY_UISupportedInterfaceOrientations_iPhone = "UIInterfaceOrientationPortrait UIInterfaceOrientationLandscapeLeft UIInterfaceOrientationLandscapeRight";
				LD_RUNPATH_SEARCH_PATHS = (
					"$(inherited)",
					"@executable_path/Frameworks",
				);
				MARKETING_VERSION = 1.0;
				PRODUCT_BUNDLE_IDENTIFIER = br.edu.ifpb.jpa.si.pdm.Telas;
				PRODUCT_NAME = "$(TARGET_NAME)";
				SWIFT_EMIT_LOC_STRINGS = YES;
				SWIFT_VERSION = 5.0;
				TARGETED_DEVICE_FAMILY = "1,2";
			};
			name = Release;
		};
/* End XCBuildConfiguration section */

/* Begin XCConfigurationList section */
		3A50337B2A2E7A870010D28B /* Build configuration list for PBXProject "Telas" */ = {
			isa = XCConfigurationList;
			buildConfigurations = (
				3A50338C2A2E7A890010D28B /* Debug */,
				3A50338D2A2E7A890010D28B /* Release */,
			);
			defaultConfigurationIsVisible = 0;
			defaultConfigurationName = Release;
		};
		3A50338E2A2E7A890010D28B /* Build configuration list for PBXNativeTarget "Telas" */ = {
			isa = XCConfigurationList;
			buildConfigurations = (
				3A50338F2A2E7A890010D28B /* Debug */,
				3A5033902A2E7A890010D28B /* Release */,
			);
			defaultConfigurationIsVisible = 0;
			defaultConfigurationName = Release;
		};
/* End XCConfigurationList section */
	};
	rootObject = 3A5033782A2E7A870010D28B /* Project object */;
}
