// !$*UTF8*$!
{
	archiveVersion = 1;
	classes = {
	};
	objectVersion = 56;
	objects = {

/* Begin PBXBuildFile section */
		3A36DF972A40E98A004C27D8 /* GastosApp.swift in Sources */ = {isa = PBXBuildFile; fileRef = 3A36DF962A40E98A004C27D8 /* GastosApp.swift */; };
		3A36DF992A40E98A004C27D8 /* ContentView.swift in Sources */ = {isa = PBXBuildFile; fileRef = 3A36DF982A40E98A004C27D8 /* ContentView.swift */; };
		3A36DF9B2A40E98B004C27D8 /* Assets.xcassets in Resources */ = {isa = PBXBuildFile; fileRef = 3A36DF9A2A40E98B004C27D8 /* Assets.xcassets */; };
		3A36DF9E2A40E98B004C27D8 /* Preview Assets.xcassets in Resources */ = {isa = PBXBuildFile; fileRef = 3A36DF9D2A40E98B004C27D8 /* Preview Assets.xcassets */; };
		3A36DFA52A40EB71004C27D8 /* Gasto.swift in Sources */ = {isa = PBXBuildFile; fileRef = 3A36DFA42A40EB71004C27D8 /* Gasto.swift */; };
		3A36DFA72A40EC44004C27D8 /* Cadastro.swift in Sources */ = {isa = PBXBuildFile; fileRef = 3A36DFA62A40EC44004C27D8 /* Cadastro.swift */; };
		3A36DFA92A40EC9D004C27D8 /* FormView.swift in Sources */ = {isa = PBXBuildFile; fileRef = 3A36DFA82A40EC9D004C27D8 /* FormView.swift */; };
		3A36DFAB2A40F90C004C27D8 /* GastoView.swift in Sources */ = {isa = PBXBuildFile; fileRef = 3A36DFAA2A40F90C004C27D8 /* GastoView.swift */; };
/* End PBXBuildFile section */

/* Begin PBXFileReference section */
		3A36DF932A40E98A004C27D8 /* Gastos.app */ = {isa = PBXFileReference; explicitFileType = wrapper.application; includeInIndex = 0; path = Gastos.app; sourceTree = BUILT_PRODUCTS_DIR; };
		3A36DF962A40E98A004C27D8 /* GastosApp.swift */ = {isa = PBXFileReference; lastKnownFileType = sourcecode.swift; path = GastosApp.swift; sourceTree = "<group>"; };
		3A36DF982A40E98A004C27D8 /* ContentView.swift */ = {isa = PBXFileReference; lastKnownFileType = sourcecode.swift; path = ContentView.swift; sourceTree = "<group>"; };
		3A36DF9A2A40E98B004C27D8 /* Assets.xcassets */ = {isa = PBXFileReference; lastKnownFileType = folder.assetcatalog; path = Assets.xcassets; sourceTree = "<group>"; };
		3A36DF9D2A40E98B004C27D8 /* Preview Assets.xcassets */ = {isa = PBXFileReference; lastKnownFileType = folder.assetcatalog; path = "Preview Assets.xcassets"; sourceTree = "<group>"; };
		3A36DFA42A40EB71004C27D8 /* Gasto.swift */ = {isa = PBXFileReference; lastKnownFileType = sourcecode.swift; path = Gasto.swift; sourceTree = "<group>"; };
		3A36DFA62A40EC44004C27D8 /* Cadastro.swift */ = {isa = PBXFileReference; lastKnownFileType = sourcecode.swift; path = Cadastro.swift; sourceTree = "<group>"; };
		3A36DFA82A40EC9D004C27D8 /* FormView.swift */ = {isa = PBXFileReference; lastKnownFileType = sourcecode.swift; path = FormView.swift; sourceTree = "<group>"; };
		3A36DFAA2A40F90C004C27D8 /* GastoView.swift */ = {isa = PBXFileReference; lastKnownFileType = sourcecode.swift; path = GastoView.swift; sourceTree = "<group>"; };
/* End PBXFileReference section */

/* Begin PBXFrameworksBuildPhase section */
		3A36DF902A40E98A004C27D8 /* Frameworks */ = {
			isa = PBXFrameworksBuildPhase;
			buildActionMask = 2147483647;
			files = (
			);
			runOnlyForDeploymentPostprocessing = 0;
		};
/* End PBXFrameworksBuildPhase section */

/* Begin PBXGroup section */
		3A36DF8A2A40E98A004C27D8 = {
			isa = PBXGroup;
			children = (
				3A36DF952A40E98A004C27D8 /* Gastos */,
				3A36DF942A40E98A004C27D8 /* Products */,
			);
			sourceTree = "<group>";
		};
		3A36DF942A40E98A004C27D8 /* Products */ = {
			isa = PBXGroup;
			children = (
				3A36DF932A40E98A004C27D8 /* Gastos.app */,
			);
			name = Products;
			sourceTree = "<group>";
		};
		3A36DF952A40E98A004C27D8 /* Gastos */ = {
			isa = PBXGroup;
			children = (
				3A36DF962A40E98A004C27D8 /* GastosApp.swift */,
				3A36DF982A40E98A004C27D8 /* ContentView.swift */,
				3A36DF9A2A40E98B004C27D8 /* Assets.xcassets */,
				3A36DF9C2A40E98B004C27D8 /* Preview Content */,
				3A36DFA42A40EB71004C27D8 /* Gasto.swift */,
				3A36DFA62A40EC44004C27D8 /* Cadastro.swift */,
				3A36DFA82A40EC9D004C27D8 /* FormView.swift */,
				3A36DFAA2A40F90C004C27D8 /* GastoView.swift */,
			);
			path = Gastos;
			sourceTree = "<group>";
		};
		3A36DF9C2A40E98B004C27D8 /* Preview Content */ = {
			isa = PBXGroup;
			children = (
				3A36DF9D2A40E98B004C27D8 /* Preview Assets.xcassets */,
			);
			path = "Preview Content";
			sourceTree = "<group>";
		};
/* End PBXGroup section */

/* Begin PBXNativeTarget section */
		3A36DF922A40E98A004C27D8 /* Gastos */ = {
			isa = PBXNativeTarget;
			buildConfigurationList = 3A36DFA12A40E98B004C27D8 /* Build configuration list for PBXNativeTarget "Gastos" */;
			buildPhases = (
				3A36DF8F2A40E98A004C27D8 /* Sources */,
				3A36DF902A40E98A004C27D8 /* Frameworks */,
				3A36DF912A40E98A004C27D8 /* Resources */,
			);
			buildRules = (
			);
			dependencies = (
			);
			name = Gastos;
			productName = Gastos;
			productReference = 3A36DF932A40E98A004C27D8 /* Gastos.app */;
			productType = "com.apple.product-type.application";
		};
/* End PBXNativeTarget section */

/* Begin PBXProject section */
		3A36DF8B2A40E98A004C27D8 /* Project object */ = {
			isa = PBXProject;
			attributes = {
				BuildIndependentTargetsInParallel = 1;
				LastSwiftUpdateCheck = 1430;
				LastUpgradeCheck = 1430;
				TargetAttributes = {
					3A36DF922A40E98A004C27D8 = {
						CreatedOnToolsVersion = 14.3;
					};
				};
			};
			buildConfigurationList = 3A36DF8E2A40E98A004C27D8 /* Build configuration list for PBXProject "Gastos" */;
			compatibilityVersion = "Xcode 14.0";
			developmentRegion = en;
			hasScannedForEncodings = 0;
			knownRegions = (
				en,
				Base,
			);
			mainGroup = 3A36DF8A2A40E98A004C27D8;
			productRefGroup = 3A36DF942A40E98A004C27D8 /* Products */;
			projectDirPath = "";
			projectRoot = "";
			targets = (
				3A36DF922A40E98A004C27D8 /* Gastos */,
			);
		};
/* End PBXProject section */

/* Begin PBXResourcesBuildPhase section */
		3A36DF912A40E98A004C27D8 /* Resources */ = {
			isa = PBXResourcesBuildPhase;
			buildActionMask = 2147483647;
			files = (
				3A36DF9E2A40E98B004C27D8 /* Preview Assets.xcassets in Resources */,
				3A36DF9B2A40E98B004C27D8 /* Assets.xcassets in Resources */,
			);
			runOnlyForDeploymentPostprocessing = 0;
		};
/* End PBXResourcesBuildPhase section */

/* Begin PBXSourcesBuildPhase section */
		3A36DF8F2A40E98A004C27D8 /* Sources */ = {
			isa = PBXSourcesBuildPhase;
			buildActionMask = 2147483647;
			files = (
				3A36DFA52A40EB71004C27D8 /* Gasto.swift in Sources */,
				3A36DF992A40E98A004C27D8 /* ContentView.swift in Sources */,
				3A36DFA92A40EC9D004C27D8 /* FormView.swift in Sources */,
				3A36DFAB2A40F90C004C27D8 /* GastoView.swift in Sources */,
				3A36DFA72A40EC44004C27D8 /* Cadastro.swift in Sources */,
				3A36DF972A40E98A004C27D8 /* GastosApp.swift in Sources */,
			);
			runOnlyForDeploymentPostprocessing = 0;
		};
/* End PBXSourcesBuildPhase section */

/* Begin XCBuildConfiguration section */
		3A36DF9F2A40E98B004C27D8 /* Debug */ = {
			isa = XCBuildConfiguration;
			buildSettings = {
				ALWAYS_SEARCH_USER_PATHS = NO;
				CLANG_ANALYZER_NONNULL = YES;
				CLANG_ANALYZER_NUMBER_OBJECT_CONVERSION = YES_AGGRESSIVE;
				CLANG_CXX_LANGUAGE_STANDARD = "gnu++20";
				CLANG_ENABLE_MODULES = YES;
				CLANG_ENABLE_OBJC_ARC = YES;
				CLANG_ENABLE_OBJC_WEAK = YES;
				CLANG_WARN_BLOCK_CAPTURE_AUTORELEASING = YES;
				CLANG_WARN_BOOL_CONVERSION = YES;
				CLANG_WARN_COMMA = YES;
				CLANG_WARN_CONSTANT_CONVERSION = YES;
				CLANG_WARN_DEPRECATED_OBJC_IMPLEMENTATIONS = YES;
				CLANG_WARN_DIRECT_OBJC_ISA_USAGE = YES_ERROR;
				CLANG_WARN_DOCUMENTATION_COMMENTS = YES;
				CLANG_WARN_EMPTY_BODY = YES;
				CLANG_WARN_ENUM_CONVERSION = YES;
				CLANG_WARN_INFINITE_RECURSION = YES;
				CLANG_WARN_INT_CONVERSION = YES;
				CLANG_WARN_NON_LITERAL_NULL_CONVERSION = YES;
				CLANG_WARN_OBJC_IMPLICIT_RETAIN_SELF = YES;
				CLANG_WARN_OBJC_LITERAL_CONVERSION = YES;
				CLANG_WARN_OBJC_ROOT_CLASS = YES_ERROR;
				CLANG_WARN_QUOTED_INCLUDE_IN_FRAMEWORK_HEADER = YES;
				CLANG_WARN_RANGE_LOOP_ANALYSIS = YES;
				CLANG_WARN_STRICT_PROTOTYPES = YES;
				CLANG_WARN_SUSPICIOUS_MOVE = YES;
				CLANG_WARN_UNGUARDED_AVAILABILITY = YES_AGGRESSIVE;
				CLANG_WARN_UNREACHABLE_CODE = YES;
				CLANG_WARN__DUPLICATE_METHOD_MATCH = YES;
				COPY_PHASE_STRIP = NO;
				DEBUG_INFORMATION_FORMAT = dwarf;
				ENABLE_STRICT_OBJC_MSGSEND = YES;
				ENABLE_TESTABILITY = YES;
				GCC_C_LANGUAGE_STANDARD = gnu11;
				GCC_DYNAMIC_NO_PIC = NO;
				GCC_NO_COMMON_BLOCKS = YES;
				GCC_OPTIMIZATION_LEVEL = 0;
				GCC_PREPROCESSOR_DEFINITIONS = (
					"DEBUG=1",
					"$(inherited)",
				);
				GCC_WARN_64_TO_32_BIT_CONVERSION = YES;
				GCC_WARN_ABOUT_RETURN_TYPE = YES_ERROR;
				GCC_WARN_UNDECLARED_SELECTOR = YES;
				GCC_WARN_UNINITIALIZED_AUTOS = YES_AGGRESSIVE;
				GCC_WARN_UNUSED_FUNCTION = YES;
				GCC_WARN_UNUSED_VARIABLE = YES;
				IPHONEOS_DEPLOYMENT_TARGET = 16.4;
				MTL_ENABLE_DEBUG_INFO = INCLUDE_SOURCE;
				MTL_FAST_MATH = YES;
				ONLY_ACTIVE_ARCH = YES;
				SDKROOT = iphoneos;
				SWIFT_ACTIVE_COMPILATION_CONDITIONS = DEBUG;
				SWIFT_OPTIMIZATION_LEVEL = "-Onone";
			};
			name = Debug;
		};
		3A36DFA02A40E98B004C27D8 /* Release */ = {
			isa = XCBuildConfiguration;
			buildSettings = {
				ALWAYS_SEARCH_USER_PATHS = NO;
				CLANG_ANALYZER_NONNULL = YES;
				CLANG_ANALYZER_NUMBER_OBJECT_CONVERSION = YES_AGGRESSIVE;
				CLANG_CXX_LANGUAGE_STANDARD = "gnu++20";
				CLANG_ENABLE_MODULES = YES;
				CLANG_ENABLE_OBJC_ARC = YES;
				CLANG_ENABLE_OBJC_WEAK = YES;
				CLANG_WARN_BLOCK_CAPTURE_AUTORELEASING = YES;
				CLANG_WARN_BOOL_CONVERSION = YES;
				CLANG_WARN_COMMA = YES;
				CLANG_WARN_CONSTANT_CONVERSION = YES;
				CLANG_WARN_DEPRECATED_OBJC_IMPLEMENTATIONS = YES;
				CLANG_WARN_DIRECT_OBJC_ISA_USAGE = YES_ERROR;
				CLANG_WARN_DOCUMENTATION_COMMENTS = YES;
				CLANG_WARN_EMPTY_BODY = YES;
				CLANG_WARN_ENUM_CONVERSION = YES;
				CLANG_WARN_INFINITE_RECURSION = YES;
				CLANG_WARN_INT_CONVERSION = YES;
				CLANG_WARN_NON_LITERAL_NULL_CONVERSION = YES;
				CLANG_WARN_OBJC_IMPLICIT_RETAIN_SELF = YES;
				CLANG_WARN_OBJC_LITERAL_CONVERSION = YES;
				CLANG_WARN_OBJC_ROOT_CLASS = YES_ERROR;
				CLANG_WARN_QUOTED_INCLUDE_IN_FRAMEWORK_HEADER = YES;
				CLANG_WARN_RANGE_LOOP_ANALYSIS = YES;
				CLANG_WARN_STRICT_PROTOTYPES = YES;
				CLANG_WARN_SUSPICIOUS_MOVE = YES;
				CLANG_WARN_UNGUARDED_AVAILABILITY = YES_AGGRESSIVE;
				CLANG_WARN_UNREACHABLE_CODE = YES;
				CLANG_WARN__DUPLICATE_METHOD_MATCH = YES;
				COPY_PHASE_STRIP = NO;
				DEBUG_INFORMATION_FORMAT = "dwarf-with-dsym";
				ENABLE_NS_ASSERTIONS = NO;
				ENABLE_STRICT_OBJC_MSGSEND = YES;
				GCC_C_LANGUAGE_STANDARD = gnu11;
				GCC_NO_COMMON_BLOCKS = YES;
				GCC_WARN_64_TO_32_BIT_CONVERSION = YES;
				GCC_WARN_ABOUT_RETURN_TYPE = YES_ERROR;
				GCC_WARN_UNDECLARED_SELECTOR = YES;
				GCC_WARN_UNINITIALIZED_AUTOS = YES_AGGRESSIVE;
				GCC_WARN_UNUSED_FUNCTION = YES;
				GCC_WARN_UNUSED_VARIABLE = YES;
				IPHONEOS_DEPLOYMENT_TARGET = 16.4;
				MTL_ENABLE_DEBUG_INFO = NO;
				MTL_FAST_MATH = YES;
				SDKROOT = iphoneos;
				SWIFT_COMPILATION_MODE = wholemodule;
				SWIFT_OPTIMIZATION_LEVEL = "-O";
				VALIDATE_PRODUCT = YES;
			};
			name = Release;
		};
		3A36DFA22A40E98B004C27D8 /* Debug */ = {
			isa = XCBuildConfiguration;
			buildSettings = {
				ASSETCATALOG_COMPILER_APPICON_NAME = AppIcon;
				ASSETCATALOG_COMPILER_GLOBAL_ACCENT_COLOR_NAME = AccentColor;
				CODE_SIGN_STYLE = Automatic;
				CURRENT_PROJECT_VERSION = 1;
				DEVELOPMENT_ASSET_PATHS = "\"Gastos/Preview Content\"";
				ENABLE_PREVIEWS = YES;
				GENERATE_INFOPLIST_FILE = YES;
				INFOPLIST_KEY_UIApplicationSceneManifest_Generation = YES;
				INFOPLIST_KEY_UIApplicationSupportsIndirectInputEvents = YES;
				INFOPLIST_KEY_UILaunchScreen_Generation = YES;
				INFOPLIST_KEY_UISupportedInterfaceOrientations_iPad = "UIInterfaceOrientationPortrait UIInterfaceOrientationPortraitUpsideDown UIInterfaceOrientationLandscapeLeft UIInterfaceOrientationLandscapeRight";
				INFOPLIST_KEY_UISupportedInterfaceOrientations_iPhone = "UIInterfaceOrientationPortrait UIInterfaceOrientationLandscapeLeft UIInterfaceOrientationLandscapeRight";
				LD_RUNPATH_SEARCH_PATHS = (
					"$(inherited)",
					"@executable_path/Frameworks",
				);
				MARKETING_VERSION = 1.0;
				PRODUCT_BUNDLE_IDENTIFIER = br.edu.ifpb.jpa.si.pdm.Gastos;
				PRODUCT_NAME = "$(TARGET_NAME)";
				SWIFT_EMIT_LOC_STRINGS = YES;
				SWIFT_VERSION = 5.0;
				TARGETED_DEVICE_FAMILY = "1,2";
			};
			name = Debug;
		};
		3A36DFA32A40E98B004C27D8 /* Release */ = {
			isa = XCBuildConfiguration;
			buildSettings = {
				ASSETCATALOG_COMPILER_APPICON_NAME = AppIcon;
				ASSETCATALOG_COMPILER_GLOBAL_ACCENT_COLOR_NAME = AccentColor;
				CODE_SIGN_STYLE = Automatic;
				CURRENT_PROJECT_VERSION = 1;
				DEVELOPMENT_ASSET_PATHS = "\"Gastos/Preview Content\"";
				ENABLE_PREVIEWS = YES;
				GENERATE_INFOPLIST_FILE = YES;
				INFOPLIST_KEY_UIApplicationSceneManifest_Generation = YES;
				INFOPLIST_KEY_UIApplicationSupportsIndirectInputEvents = YES;
				INFOPLIST_KEY_UILaunchScreen_Generation = YES;
				INFOPLIST_KEY_UISupportedInterfaceOrientations_iPad = "UIInterfaceOrientationPortrait UIInterfaceOrientationPortraitUpsideDown UIInterfaceOrientationLandscapeLeft UIInterfaceOrientationLandscapeRight";
				INFOPLIST_KEY_UISupportedInterfaceOrientations_iPhone = "UIInterfaceOrientationPortrait UIInterfaceOrientationLandscapeLeft UIInterfaceOrientationLandscapeRight";
				LD_RUNPATH_SEARCH_PATHS = (
					"$(inherited)",
					"@executable_path/Frameworks",
				);
				MARKETING_VERSION = 1.0;
				PRODUCT_BUNDLE_IDENTIFIER = br.edu.ifpb.jpa.si.pdm.Gastos;
				PRODUCT_NAME = "$(TARGET_NAME)";
				SWIFT_EMIT_LOC_STRINGS = YES;
				SWIFT_VERSION = 5.0;
				TARGETED_DEVICE_FAMILY = "1,2";
			};
			name = Release;
		};
/* End XCBuildConfiguration section */

/* Begin XCConfigurationList section */
		3A36DF8E2A40E98A004C27D8 /* Build configuration list for PBXProject "Gastos" */ = {
			isa = XCConfigurationList;
			buildConfigurations = (
				3A36DF9F2A40E98B004C27D8 /* Debug */,
				3A36DFA02A40E98B004C27D8 /* Release */,
			);
			defaultConfigurationIsVisible = 0;
			defaultConfigurationName = Release;
		};
		3A36DFA12A40E98B004C27D8 /* Build configuration list for PBXNativeTarget "Gastos" */ = {
			isa = XCConfigurationList;
			buildConfigurations = (
				3A36DFA22A40E98B004C27D8 /* Debug */,
				3A36DFA32A40E98B004C27D8 /* Release */,
			);
			defaultConfigurationIsVisible = 0;
			defaultConfigurationName = Release;
		};
/* End XCConfigurationList section */
	};
	rootObject = 3A36DF8B2A40E98A004C27D8 /* Project object */;
}
